
Microsoft Visual Studio Solution File, Format Version 12.00
# Visual Studio Version 16
VisualStudioVersion = 16.0.30011.22
MinimumVisualStudioVersion = 10.0.40219.1
Project("{9A19103F-16F7-4668-BE54-9A1E7A4F7556}") = "JbQuasirandom", "JbQuasirandom\JbQuasirandom.csproj", "{A8FC8C35-2C44-434E-A2B4-6E1F6FE835BD}"
EndProject
Project("{9A19103F-16F7-4668-BE54-9A1E7A4F7556}") = "JbQuasirandom.Tests", "JbQuasirandom.Tests\JbQuasirandom.Tests.csproj", "{1177EA1D-0FEE-44A5-B698-0D3579E4E8AD}"
EndProject
Project("{9A19103F-16F7-4668-BE54-9A1E7A4F7556}") = "SampleApplication", "SampleApplication\SampleApplication.csproj", "{DE0FC63F-139F-4C20-89AC-D6EA8583A646}"
EndProject
Global
	GlobalSection(SolutionConfigurationPlatforms) = preSolution
		Debug|Any CPU = Debug|Any CPU
		Release|Any CPU = Release|Any CPU
	EndGlobalSection
	GlobalSection(ProjectConfigurationPlatforms) = postSolution
		{A8FC8C35-2C44-434E-A2B4-6E1F6FE835BD}.Debug|Any CPU.ActiveCfg = Debug|Any CPU
		{A8FC8C35-2C44-434E-A2B4-6E1F6FE835BD}.Debug|Any CPU.Build.0 = Debug|Any CPU
		{A8FC8C35-2C44-434E-A2B4-6E1F6FE835BD}.Release|Any CPU.ActiveCfg = Release|Any CPU
		{A8FC8C35-2C44-434E-A2B4-6E1F6FE835BD}.Release|Any CPU.Build.0 = Release|Any CPU
		{1177EA1D-0FEE-44A5-B698-0D3579E4E8AD}.Debug|Any CPU.ActiveCfg = Debug|Any CPU
		{1177EA1D-0FEE-44A5-B698-0D3579E4E8AD}.Debug|Any CPU.Build.0 = Debug|Any CPU
		{1177EA1D-0FEE-44A5-B698-0D3579E4E8AD}.Release|Any CPU.ActiveCfg = Release|Any CPU
		{1177EA1D-0FEE-44A5-B698-0D3579E4E8AD}.Release|Any CPU.Build.0 = Release|Any CPU
		{DE0FC63F-139F-4C20-89AC-D6EA8583A646}.Debug|Any CPU.ActiveCfg = Debug|Any CPU
		{DE0FC63F-139F-4C20-89AC-D6EA8583A646}.Debug|Any CPU.Build.0 = Debug|Any CPU
		{DE0FC63F-139F-4C20-89AC-D6EA8583A646}.Release|Any CPU.ActiveCfg = Release|Any CPU
		{DE0FC63F-139F-4C20-89AC-D6EA8583A646}.Release|Any CPU.Build.0 = Release|Any CPU
	EndGlobalSection
	GlobalSection(SolutionProperties) = preSolution
		HideSolutionNode = FALSE
	EndGlobalSection
	GlobalSection(ExtensibilityGlobals) = postSolution
		SolutionGuid = {6D7C0DB8-25D6-4028-86B3-D840945776FD}
	EndGlobalSection
EndGlobal
